
Microsoft Visual Studio Solution File, Format Version 12.00
Project("{2150E333-8FDC-42A3-9474-1A3956D46DE8}") = "src", "src", "{4D4591CC-2E1A-40ED-A8A2-E0D41D9360AE}"
EndProject
Project("{FAE04EC0-301F-11D3-BF4B-00C04F79EFBC}") = "Identity.Api", "src\Identity.Api\Identity.Api.csproj", "{6F67894C-17D3-41BC-90EE-49A5E23B2587}"
EndProject
Project("{FAE04EC0-301F-11D3-BF4B-00C04F79EFBC}") = "CinemaHub.AppHost", "src\CinemaHub.AppHost\CinemaHub.AppHost.csproj", "{87334C24-62A0-4F00-9A36-B6BFA56E1EC9}"
EndProject
Project("{FAE04EC0-301F-11D3-BF4B-00C04F79EFBC}") = "CinemaHub.ServiceDefaults", "src\CinemaHub.ServiceDefaults\CinemaHub.ServiceDefaults.csproj", "{BF71B71A-B168-4BCA-8E46-B6EEB13F163B}"
EndProject
Project("{FAE04EC0-301F-11D3-BF4B-00C04F79EFBC}") = "WebApp", "src\WebApp\WebApp.csproj", "{0A171983-D7E8-4543-AA0C-769289EF80DE}"
EndProject
Project("{FAE04EC0-301F-11D3-BF4B-00C04F79EFBC}") = "CinemaHub.Api", "src\CinemaHub.Api\CinemaHub.Api.csproj", "{817F5ABE-6674-4A8C-80DF-047B1EE221A7}"
EndProject
Project("{FAE04EC0-301F-11D3-BF4B-00C04F79EFBC}") = "CinemaHub.Contracts", "src\CinemaHub.Contracts\CinemaHub.Contracts.csproj", "{2DC24DA5-718C-483B-AF20-BDA0430A88E6}"
EndProject
Project("{FAE04EC0-301F-11D3-BF4B-00C04F79EFBC}") = "CinemaHub.Application", "src\CinemaHub.Application\CinemaHub.Application.csproj", "{2FA109A2-9CAA-4D5C-8137-D119C8AF5F5A}"
EndProject
Global
	GlobalSection(SolutionConfigurationPlatforms) = preSolution
		Debug|Any CPU = Debug|Any CPU
		Release|Any CPU = Release|Any CPU
	EndGlobalSection
	GlobalSection(NestedProjects) = preSolution
		{6F67894C-17D3-41BC-90EE-49A5E23B2587} = {4D4591CC-2E1A-40ED-A8A2-E0D41D9360AE}
		{87334C24-62A0-4F00-9A36-B6BFA56E1EC9} = {4D4591CC-2E1A-40ED-A8A2-E0D41D9360AE}
		{BF71B71A-B168-4BCA-8E46-B6EEB13F163B} = {4D4591CC-2E1A-40ED-A8A2-E0D41D9360AE}
		{0A171983-D7E8-4543-AA0C-769289EF80DE} = {4D4591CC-2E1A-40ED-A8A2-E0D41D9360AE}
		{817F5ABE-6674-4A8C-80DF-047B1EE221A7} = {4D4591CC-2E1A-40ED-A8A2-E0D41D9360AE}
		{2DC24DA5-718C-483B-AF20-BDA0430A88E6} = {4D4591CC-2E1A-40ED-A8A2-E0D41D9360AE}
		{2FA109A2-9CAA-4D5C-8137-D119C8AF5F5A} = {4D4591CC-2E1A-40ED-A8A2-E0D41D9360AE}
	EndGlobalSection
	GlobalSection(ProjectConfigurationPlatforms) = postSolution
		{6F67894C-17D3-41BC-90EE-49A5E23B2587}.Debug|Any CPU.ActiveCfg = Debug|Any CPU
		{6F67894C-17D3-41BC-90EE-49A5E23B2587}.Debug|Any CPU.Build.0 = Debug|Any CPU
		{6F67894C-17D3-41BC-90EE-49A5E23B2587}.Release|Any CPU.ActiveCfg = Release|Any CPU
		{6F67894C-17D3-41BC-90EE-49A5E23B2587}.Release|Any CPU.Build.0 = Release|Any CPU
		{87334C24-62A0-4F00-9A36-B6BFA56E1EC9}.Debug|Any CPU.ActiveCfg = Debug|Any CPU
		{87334C24-62A0-4F00-9A36-B6BFA56E1EC9}.Debug|Any CPU.Build.0 = Debug|Any CPU
		{87334C24-62A0-4F00-9A36-B6BFA56E1EC9}.Release|Any CPU.ActiveCfg = Release|Any CPU
		{87334C24-62A0-4F00-9A36-B6BFA56E1EC9}.Release|Any CPU.Build.0 = Release|Any CPU
		{BF71B71A-B168-4BCA-8E46-B6EEB13F163B}.Debug|Any CPU.ActiveCfg = Debug|Any CPU
		{BF71B71A-B168-4BCA-8E46-B6EEB13F163B}.Debug|Any CPU.Build.0 = Debug|Any CPU
		{BF71B71A-B168-4BCA-8E46-B6EEB13F163B}.Release|Any CPU.ActiveCfg = Release|Any CPU
		{BF71B71A-B168-4BCA-8E46-B6EEB13F163B}.Release|Any CPU.Build.0 = Release|Any CPU
		{0A171983-D7E8-4543-AA0C-769289EF80DE}.Debug|Any CPU.ActiveCfg = Debug|Any CPU
		{0A171983-D7E8-4543-AA0C-769289EF80DE}.Debug|Any CPU.Build.0 = Debug|Any CPU
		{0A171983-D7E8-4543-AA0C-769289EF80DE}.Release|Any CPU.ActiveCfg = Release|Any CPU
		{0A171983-D7E8-4543-AA0C-769289EF80DE}.Release|Any CPU.Build.0 = Release|Any CPU
		{817F5ABE-6674-4A8C-80DF-047B1EE221A7}.Debug|Any CPU.ActiveCfg = Debug|Any CPU
		{817F5ABE-6674-4A8C-80DF-047B1EE221A7}.Debug|Any CPU.Build.0 = Debug|Any CPU
		{817F5ABE-6674-4A8C-80DF-047B1EE221A7}.Release|Any CPU.ActiveCfg = Release|Any CPU
		{817F5ABE-6674-4A8C-80DF-047B1EE221A7}.Release|Any CPU.Build.0 = Release|Any CPU
		{2DC24DA5-718C-483B-AF20-BDA0430A88E6}.Debug|Any CPU.ActiveCfg = Debug|Any CPU
		{2DC24DA5-718C-483B-AF20-BDA0430A88E6}.Debug|Any CPU.Build.0 = Debug|Any CPU
		{2DC24DA5-718C-483B-AF20-BDA0430A88E6}.Release|Any CPU.ActiveCfg = Release|Any CPU
		{2DC24DA5-718C-483B-AF20-BDA0430A88E6}.Release|Any CPU.Build.0 = Release|Any CPU
		{2FA109A2-9CAA-4D5C-8137-D119C8AF5F5A}.Debug|Any CPU.ActiveCfg = Debug|Any CPU
		{2FA109A2-9CAA-4D5C-8137-D119C8AF5F5A}.Debug|Any CPU.Build.0 = Debug|Any CPU
		{2FA109A2-9CAA-4D5C-8137-D119C8AF5F5A}.Release|Any CPU.ActiveCfg = Release|Any CPU
		{2FA109A2-9CAA-4D5C-8137-D119C8AF5F5A}.Release|Any CPU.Build.0 = Release|Any CPU
	EndGlobalSection
EndGlobal
